// !$*UTF8*$!
{
	archiveVersion = 1;
	classes = {
	};
	objectVersion = 50;
	objects = {

/* Begin PBXBuildFile section */
		871EC77B268BB98B001DD157 /* AppDelegate.swift in Sources */ = {isa = PBXBuildFile; fileRef = 871EC77A268BB98B001DD157 /* AppDelegate.swift */; };
		871EC77D268BB98B001DD157 /* SceneDelegate.swift in Sources */ = {isa = PBXBuildFile; fileRef = 871EC77C268BB98B001DD157 /* SceneDelegate.swift */; };
		871EC77F268BB98B001DD157 /* ViewController.swift in Sources */ = {isa = PBXBuildFile; fileRef = 871EC77E268BB98B001DD157 /* ViewController.swift */; };
		871EC782268BB98B001DD157 /* Main.storyboard in Resources */ = {isa = PBXBuildFile; fileRef = 871EC780268BB98B001DD157 /* Main.storyboard */; };
		871EC785268BB98B001DD157 /* Do_er.xcdatamodeld in Sources */ = {isa = PBXBuildFile; fileRef = 871EC783268BB98B001DD157 /* Do_er.xcdatamodeld */; };
		871EC787268BB992001DD157 /* Assets.xcassets in Resources */ = {isa = PBXBuildFile; fileRef = 871EC786268BB992001DD157 /* Assets.xcassets */; };
		871EC78A268BB992001DD157 /* LaunchScreen.storyboard in Resources */ = {isa = PBXBuildFile; fileRef = 871EC788268BB992001DD157 /* LaunchScreen.storyboard */; };
		8728EACC268CE45E0067C260 /* InputCodeViewController.swift in Sources */ = {isa = PBXBuildFile; fileRef = 8728EACB268CE45E0067C260 /* InputCodeViewController.swift */; };
		8728EACE268CE4BA0067C260 /* CreateAGroupViewController.swift in Sources */ = {isa = PBXBuildFile; fileRef = 8728EACD268CE4B90067C260 /* CreateAGroupViewController.swift */; };
		8728EAD0268CE50A0067C260 /* ProfileViewController.swift in Sources */ = {isa = PBXBuildFile; fileRef = 8728EACF268CE50A0067C260 /* ProfileViewController.swift */; };
		8728EAD2268CE5420067C260 /* BoardViewController.swift in Sources */ = {isa = PBXBuildFile; fileRef = 8728EAD1268CE5420067C260 /* BoardViewController.swift */; };
		8728EAD4268CE57C0067C260 /* ExplorePageViewController.swift in Sources */ = {isa = PBXBuildFile; fileRef = 8728EAD3268CE57C0067C260 /* ExplorePageViewController.swift */; };
		8728EAD6268CE5B30067C260 /* MyGroupsViewController.swift in Sources */ = {isa = PBXBuildFile; fileRef = 8728EAD5268CE5B30067C260 /* MyGroupsViewController.swift */; };
		87EC1934268BCEED0077064F /* GroupsViewController.swift in Sources */ = {isa = PBXBuildFile; fileRef = 87EC1933268BCEED0077064F /* GroupsViewController.swift */; };
		A875F7CA268BC77100747C99 /* SignUpViewController.swift in Sources */ = {isa = PBXBuildFile; fileRef = A875F7C9268BC77100747C99 /* SignUpViewController.swift */; };
		A875F7CC268BC8E400747C99 /* LogInViewController.swift in Sources */ = {isa = PBXBuildFile; fileRef = A875F7CB268BC8E400747C99 /* LogInViewController.swift */; };
		A8A2522E268CEFD700E95D09 /* ChallengesViewController.swift in Sources */ = {isa = PBXBuildFile; fileRef = A8A2522D268CEFD700E95D09 /* ChallengesViewController.swift */; };
/* End PBXBuildFile section */

/* Begin PBXFileReference section */
		871EC777268BB98B001DD157 /* Do-er.app */ = {isa = PBXFileReference; explicitFileType = wrapper.application; includeInIndex = 0; path = "Do-er.app"; sourceTree = BUILT_PRODUCTS_DIR; };
		871EC77A268BB98B001DD157 /* AppDelegate.swift */ = {isa = PBXFileReference; lastKnownFileType = sourcecode.swift; path = AppDelegate.swift; sourceTree = "<group>"; };
		871EC77C268BB98B001DD157 /* SceneDelegate.swift */ = {isa = PBXFileReference; lastKnownFileType = sourcecode.swift; path = SceneDelegate.swift; sourceTree = "<group>"; };
		871EC77E268BB98B001DD157 /* ViewController.swift */ = {isa = PBXFileReference; lastKnownFileType = sourcecode.swift; path = ViewController.swift; sourceTree = "<group>"; };
		871EC781268BB98B001DD157 /* Base */ = {isa = PBXFileReference; lastKnownFileType = file.storyboard; name = Base; path = Base.lproj/Main.storyboard; sourceTree = "<group>"; };
		871EC784268BB98B001DD157 /* Do_er.xcdatamodel */ = {isa = PBXFileReference; lastKnownFileType = wrapper.xcdatamodel; path = Do_er.xcdatamodel; sourceTree = "<group>"; };
		871EC786268BB992001DD157 /* Assets.xcassets */ = {isa = PBXFileReference; lastKnownFileType = folder.assetcatalog; path = Assets.xcassets; sourceTree = "<group>"; };
		871EC789268BB992001DD157 /* Base */ = {isa = PBXFileReference; lastKnownFileType = file.storyboard; name = Base; path = Base.lproj/LaunchScreen.storyboard; sourceTree = "<group>"; };
		871EC78B268BB992001DD157 /* Info.plist */ = {isa = PBXFileReference; lastKnownFileType = text.plist.xml; path = Info.plist; sourceTree = "<group>"; };
		8728EACB268CE45E0067C260 /* InputCodeViewController.swift */ = {isa = PBXFileReference; lastKnownFileType = sourcecode.swift; path = InputCodeViewController.swift; sourceTree = "<group>"; };
		8728EACD268CE4B90067C260 /* CreateAGroupViewController.swift */ = {isa = PBXFileReference; lastKnownFileType = sourcecode.swift; path = CreateAGroupViewController.swift; sourceTree = "<group>"; };
		8728EACF268CE50A0067C260 /* ProfileViewController.swift */ = {isa = PBXFileReference; lastKnownFileType = sourcecode.swift; path = ProfileViewController.swift; sourceTree = "<group>"; };
		8728EAD1268CE5420067C260 /* BoardViewController.swift */ = {isa = PBXFileReference; lastKnownFileType = sourcecode.swift; path = BoardViewController.swift; sourceTree = "<group>"; };
		8728EAD3268CE57C0067C260 /* ExplorePageViewController.swift */ = {isa = PBXFileReference; lastKnownFileType = sourcecode.swift; path = ExplorePageViewController.swift; sourceTree = "<group>"; };
		8728EAD5268CE5B30067C260 /* MyGroupsViewController.swift */ = {isa = PBXFileReference; lastKnownFileType = sourcecode.swift; path = MyGroupsViewController.swift; sourceTree = "<group>"; };
		87EC1933268BCEED0077064F /* GroupsViewController.swift */ = {isa = PBXFileReference; lastKnownFileType = sourcecode.swift; path = GroupsViewController.swift; sourceTree = "<group>"; };
		A875F7C9268BC77100747C99 /* SignUpViewController.swift */ = {isa = PBXFileReference; lastKnownFileType = sourcecode.swift; path = SignUpViewController.swift; sourceTree = "<group>"; };
		A875F7CB268BC8E400747C99 /* LogInViewController.swift */ = {isa = PBXFileReference; lastKnownFileType = sourcecode.swift; path = LogInViewController.swift; sourceTree = "<group>"; };
		A8A2522D268CEFD700E95D09 /* ChallengesViewController.swift */ = {isa = PBXFileReference; lastKnownFileType = sourcecode.swift; path = ChallengesViewController.swift; sourceTree = "<group>"; };
/* End PBXFileReference section */

/* Begin PBXFrameworksBuildPhase section */
		871EC774268BB98B001DD157 /* Frameworks */ = {
			isa = PBXFrameworksBuildPhase;
			buildActionMask = 2147483647;
			files = (
			);
			runOnlyForDeploymentPostprocessing = 0;
		};
/* End PBXFrameworksBuildPhase section */

/* Begin PBXGroup section */
		871EC76E268BB98B001DD157 = {
			isa = PBXGroup;
			children = (
				871EC779268BB98B001DD157 /* Do-er */,
				871EC778268BB98B001DD157 /* Products */,
			);
			sourceTree = "<group>";
		};
		871EC778268BB98B001DD157 /* Products */ = {
			isa = PBXGroup;
			children = (
				871EC777268BB98B001DD157 /* Do-er.app */,
			);
			name = Products;
			sourceTree = "<group>";
		};
		871EC779268BB98B001DD157 /* Do-er */ = {
			isa = PBXGroup;
			children = (
				871EC77A268BB98B001DD157 /* AppDelegate.swift */,
				871EC77C268BB98B001DD157 /* SceneDelegate.swift */,
				871EC77E268BB98B001DD157 /* ViewController.swift */,
				871EC780268BB98B001DD157 /* Main.storyboard */,
				A8A2522D268CEFD700E95D09 /* ChallengesViewController.swift */,
				8728EAD3268CE57C0067C260 /* ExplorePageViewController.swift */,
				8728EAD5268CE5B30067C260 /* MyGroupsViewController.swift */,
				8728EAD1268CE5420067C260 /* BoardViewController.swift */,
				8728EACF268CE50A0067C260 /* ProfileViewController.swift */,
				87EC1933268BCEED0077064F /* GroupsViewController.swift */,
				8728EACB268CE45E0067C260 /* InputCodeViewController.swift */,
				8728EACD268CE4B90067C260 /* CreateAGroupViewController.swift */,
				A875F7CB268BC8E400747C99 /* LogInViewController.swift */,
				A875F7C9268BC77100747C99 /* SignUpViewController.swift */,
				871EC786268BB992001DD157 /* Assets.xcassets */,
				871EC788268BB992001DD157 /* LaunchScreen.storyboard */,
				871EC78B268BB992001DD157 /* Info.plist */,
				871EC783268BB98B001DD157 /* Do_er.xcdatamodeld */,
			);
			path = "Do-er";
			sourceTree = "<group>";
		};
/* End PBXGroup section */

/* Begin PBXNativeTarget section */
		871EC776268BB98B001DD157 /* Do-er */ = {
			isa = PBXNativeTarget;
			buildConfigurationList = 871EC78E268BB992001DD157 /* Build configuration list for PBXNativeTarget "Do-er" */;
			buildPhases = (
				871EC773268BB98B001DD157 /* Sources */,
				871EC774268BB98B001DD157 /* Frameworks */,
				871EC775268BB98B001DD157 /* Resources */,
			);
			buildRules = (
			);
			dependencies = (
			);
			name = "Do-er";
			productName = "Do-er";
			productReference = 871EC777268BB98B001DD157 /* Do-er.app */;
			productType = "com.apple.product-type.application";
		};
/* End PBXNativeTarget section */

/* Begin PBXProject section */
		871EC76F268BB98B001DD157 /* Project object */ = {
			isa = PBXProject;
			attributes = {
				LastSwiftUpdateCheck = 1250;
				LastUpgradeCheck = 1250;
				TargetAttributes = {
					871EC776268BB98B001DD157 = {
						CreatedOnToolsVersion = 12.5;
					};
				};
			};
			buildConfigurationList = 871EC772268BB98B001DD157 /* Build configuration list for PBXProject "Do-er" */;
			compatibilityVersion = "Xcode 9.3";
			developmentRegion = en;
			hasScannedForEncodings = 0;
			knownRegions = (
				en,
				Base,
			);
			mainGroup = 871EC76E268BB98B001DD157;
			productRefGroup = 871EC778268BB98B001DD157 /* Products */;
			projectDirPath = "";
			projectRoot = "";
			targets = (
				871EC776268BB98B001DD157 /* Do-er */,
			);
		};
/* End PBXProject section */

/* Begin PBXResourcesBuildPhase section */
		871EC775268BB98B001DD157 /* Resources */ = {
			isa = PBXResourcesBuildPhase;
			buildActionMask = 2147483647;
			files = (
				871EC78A268BB992001DD157 /* LaunchScreen.storyboard in Resources */,
				871EC787268BB992001DD157 /* Assets.xcassets in Resources */,
				871EC782268BB98B001DD157 /* Main.storyboard in Resources */,
			);
			runOnlyForDeploymentPostprocessing = 0;
		};
/* End PBXResourcesBuildPhase section */

/* Begin PBXSourcesBuildPhase section */
		871EC773268BB98B001DD157 /* Sources */ = {
			isa = PBXSourcesBuildPhase;
			buildActionMask = 2147483647;
			files = (
				87EC1934268BCEED0077064F /* GroupsViewController.swift in Sources */,
				871EC77F268BB98B001DD157 /* ViewController.swift in Sources */,
				A8A2522E268CEFD700E95D09 /* ChallengesViewController.swift in Sources */,
				871EC77B268BB98B001DD157 /* AppDelegate.swift in Sources */,
				A875F7CC268BC8E400747C99 /* LogInViewController.swift in Sources */,
				8728EACE268CE4BA0067C260 /* CreateAGroupViewController.swift in Sources */,
				8728EACC268CE45E0067C260 /* InputCodeViewController.swift in Sources */,
				871EC77D268BB98B001DD157 /* SceneDelegate.swift in Sources */,
				871EC785268BB98B001DD157 /* Do_er.xcdatamodeld in Sources */,
				8728EAD0268CE50A0067C260 /* ProfileViewController.swift in Sources */,
				8728EAD2268CE5420067C260 /* BoardViewController.swift in Sources */,
				8728EAD4268CE57C0067C260 /* ExplorePageViewController.swift in Sources */,
				8728EAD6268CE5B30067C260 /* MyGroupsViewController.swift in Sources */,
				A875F7CA268BC77100747C99 /* SignUpViewController.swift in Sources */,
			);
			runOnlyForDeploymentPostprocessing = 0;
		};
/* End PBXSourcesBuildPhase section */

/* Begin PBXVariantGroup section */
		871EC780268BB98B001DD157 /* Main.storyboard */ = {
			isa = PBXVariantGroup;
			children = (
				871EC781268BB98B001DD157 /* Base */,
			);
			name = Main.storyboard;
			sourceTree = "<group>";
		};
		871EC788268BB992001DD157 /* LaunchScreen.storyboard */ = {
			isa = PBXVariantGroup;
			children = (
				871EC789268BB992001DD157 /* Base */,
			);
			name = LaunchScreen.storyboard;
			sourceTree = "<group>";
		};
/* End PBXVariantGroup section */

/* Begin XCBuildConfiguration section */
		871EC78C268BB992001DD157 /* Debug */ = {
			isa = XCBuildConfiguration;
			buildSettings = {
				ALWAYS_SEARCH_USER_PATHS = NO;
				CLANG_ANALYZER_NONNULL = YES;
				CLANG_ANALYZER_NUMBER_OBJECT_CONVERSION = YES_AGGRESSIVE;
				CLANG_CXX_LANGUAGE_STANDARD = "gnu++14";
				CLANG_CXX_LIBRARY = "libc++";
				CLANG_ENABLE_MODULES = YES;
				CLANG_ENABLE_OBJC_ARC = YES;
				CLANG_ENABLE_OBJC_WEAK = YES;
				CLANG_WARN_BLOCK_CAPTURE_AUTORELEASING = YES;
				CLANG_WARN_BOOL_CONVERSION = YES;
				CLANG_WARN_COMMA = YES;
				CLANG_WARN_CONSTANT_CONVERSION = YES;
				CLANG_WARN_DEPRECATED_OBJC_IMPLEMENTATIONS = YES;
				CLANG_WARN_DIRECT_OBJC_ISA_USAGE = YES_ERROR;
				CLANG_WARN_DOCUMENTATION_COMMENTS = YES;
				CLANG_WARN_EMPTY_BODY = YES;
				CLANG_WARN_ENUM_CONVERSION = YES;
				CLANG_WARN_INFINITE_RECURSION = YES;
				CLANG_WARN_INT_CONVERSION = YES;
				CLANG_WARN_NON_LITERAL_NULL_CONVERSION = YES;
				CLANG_WARN_OBJC_IMPLICIT_RETAIN_SELF = YES;
				CLANG_WARN_OBJC_LITERAL_CONVERSION = YES;
				CLANG_WARN_OBJC_ROOT_CLASS = YES_ERROR;
				CLANG_WARN_QUOTED_INCLUDE_IN_FRAMEWORK_HEADER = YES;
				CLANG_WARN_RANGE_LOOP_ANALYSIS = YES;
				CLANG_WARN_STRICT_PROTOTYPES = YES;
				CLANG_WARN_SUSPICIOUS_MOVE = YES;
				CLANG_WARN_UNGUARDED_AVAILABILITY = YES_AGGRESSIVE;
				CLANG_WARN_UNREACHABLE_CODE = YES;
				CLANG_WARN__DUPLICATE_METHOD_MATCH = YES;
				COPY_PHASE_STRIP = NO;
				DEBUG_INFORMATION_FORMAT = dwarf;
				ENABLE_STRICT_OBJC_MSGSEND = YES;
				ENABLE_TESTABILITY = YES;
				GCC_C_LANGUAGE_STANDARD = gnu11;
				GCC_DYNAMIC_NO_PIC = NO;
				GCC_NO_COMMON_BLOCKS = YES;
				GCC_OPTIMIZATION_LEVEL = 0;
				GCC_PREPROCESSOR_DEFINITIONS = (
					"DEBUG=1",
					"$(inherited)",
				);
				GCC_WARN_64_TO_32_BIT_CONVERSION = YES;
				GCC_WARN_ABOUT_RETURN_TYPE = YES_ERROR;
				GCC_WARN_UNDECLARED_SELECTOR = YES;
				GCC_WARN_UNINITIALIZED_AUTOS = YES_AGGRESSIVE;
				GCC_WARN_UNUSED_FUNCTION = YES;
				GCC_WARN_UNUSED_VARIABLE = YES;
				IPHONEOS_DEPLOYMENT_TARGET = 14.5;
				MTL_ENABLE_DEBUG_INFO = INCLUDE_SOURCE;
				MTL_FAST_MATH = YES;
				ONLY_ACTIVE_ARCH = YES;
				SDKROOT = iphoneos;
				SWIFT_ACTIVE_COMPILATION_CONDITIONS = DEBUG;
				SWIFT_OPTIMIZATION_LEVEL = "-Onone";
			};
			name = Debug;
		};
		871EC78D268BB992001DD157 /* Release */ = {
			isa = XCBuildConfiguration;
			buildSettings = {
				ALWAYS_SEARCH_USER_PATHS = NO;
				CLANG_ANALYZER_NONNULL = YES;
				CLANG_ANALYZER_NUMBER_OBJECT_CONVERSION = YES_AGGRESSIVE;
				CLANG_CXX_LANGUAGE_STANDARD = "gnu++14";
				CLANG_CXX_LIBRARY = "libc++";
				CLANG_ENABLE_MODULES = YES;
				CLANG_ENABLE_OBJC_ARC = YES;
				CLANG_ENABLE_OBJC_WEAK = YES;
				CLANG_WARN_BLOCK_CAPTURE_AUTORELEASING = YES;
				CLANG_WARN_BOOL_CONVERSION = YES;
				CLANG_WARN_COMMA = YES;
				CLANG_WARN_CONSTANT_CONVERSION = YES;
				CLANG_WARN_DEPRECATED_OBJC_IMPLEMENTATIONS = YES;
				CLANG_WARN_DIRECT_OBJC_ISA_USAGE = YES_ERROR;
				CLANG_WARN_DOCUMENTATION_COMMENTS = YES;
				CLANG_WARN_EMPTY_BODY = YES;
				CLANG_WARN_ENUM_CONVERSION = YES;
				CLANG_WARN_INFINITE_RECURSION = YES;
				CLANG_WARN_INT_CONVERSION = YES;
				CLANG_WARN_NON_LITERAL_NULL_CONVERSION = YES;
				CLANG_WARN_OBJC_IMPLICIT_RETAIN_SELF = YES;
				CLANG_WARN_OBJC_LITERAL_CONVERSION = YES;
				CLANG_WARN_OBJC_ROOT_CLASS = YES_ERROR;
				CLANG_WARN_QUOTED_INCLUDE_IN_FRAMEWORK_HEADER = YES;
				CLANG_WARN_RANGE_LOOP_ANALYSIS = YES;
				CLANG_WARN_STRICT_PROTOTYPES = YES;
				CLANG_WARN_SUSPICIOUS_MOVE = YES;
				CLANG_WARN_UNGUARDED_AVAILABILITY = YES_AGGRESSIVE;
				CLANG_WARN_UNREACHABLE_CODE = YES;
				CLANG_WARN__DUPLICATE_METHOD_MATCH = YES;
				COPY_PHASE_STRIP = NO;
				DEBUG_INFORMATION_FORMAT = "dwarf-with-dsym";
				ENABLE_NS_ASSERTIONS = NO;
				ENABLE_STRICT_OBJC_MSGSEND = YES;
				GCC_C_LANGUAGE_STANDARD = gnu11;
				GCC_NO_COMMON_BLOCKS = YES;
				GCC_WARN_64_TO_32_BIT_CONVERSION = YES;
				GCC_WARN_ABOUT_RETURN_TYPE = YES_ERROR;
				GCC_WARN_UNDECLARED_SELECTOR = YES;
				GCC_WARN_UNINITIALIZED_AUTOS = YES_AGGRESSIVE;
				GCC_WARN_UNUSED_FUNCTION = YES;
				GCC_WARN_UNUSED_VARIABLE = YES;
				IPHONEOS_DEPLOYMENT_TARGET = 14.5;
				MTL_ENABLE_DEBUG_INFO = NO;
				MTL_FAST_MATH = YES;
				SDKROOT = iphoneos;
				SWIFT_COMPILATION_MODE = wholemodule;
				SWIFT_OPTIMIZATION_LEVEL = "-O";
				VALIDATE_PRODUCT = YES;
			};
			name = Release;
		};
		871EC78F268BB992001DD157 /* Debug */ = {
			isa = XCBuildConfiguration;
			buildSettings = {
				ASSETCATALOG_COMPILER_APPICON_NAME = AppIcon;
				ASSETCATALOG_COMPILER_GLOBAL_ACCENT_COLOR_NAME = AccentColor;
				CODE_SIGN_STYLE = Automatic;
				DEVELOPMENT_TEAM = "";
				INFOPLIST_FILE = "Do-er/Info.plist";
				LD_RUNPATH_SEARCH_PATHS = (
					"$(inherited)",
					"@executable_path/Frameworks",
				);
				PRODUCT_BUNDLE_IDENTIFIER = "KWK.Do-er";
				PRODUCT_NAME = "$(TARGET_NAME)";
				SWIFT_VERSION = 5.0;
				TARGETED_DEVICE_FAMILY = "1,2";
			};
			name = Debug;
		};
		871EC790268BB992001DD157 /* Release */ = {
			isa = XCBuildConfiguration;
			buildSettings = {
				ASSETCATALOG_COMPILER_APPICON_NAME = AppIcon;
				ASSETCATALOG_COMPILER_GLOBAL_ACCENT_COLOR_NAME = AccentColor;
				CODE_SIGN_STYLE = Automatic;
				DEVELOPMENT_TEAM = "";
				INFOPLIST_FILE = "Do-er/Info.plist";
				LD_RUNPATH_SEARCH_PATHS = (
					"$(inherited)",
					"@executable_path/Frameworks",
				);
				PRODUCT_BUNDLE_IDENTIFIER = "KWK.Do-er";
				PRODUCT_NAME = "$(TARGET_NAME)";
				SWIFT_VERSION = 5.0;
				TARGETED_DEVICE_FAMILY = "1,2";
			};
			name = Release;
		};
/* End XCBuildConfiguration section */

/* Begin XCConfigurationList section */
		871EC772268BB98B001DD157 /* Build configuration list for PBXProject "Do-er" */ = {
			isa = XCConfigurationList;
			buildConfigurations = (
				871EC78C268BB992001DD157 /* Debug */,
				871EC78D268BB992001DD157 /* Release */,
			);
			defaultConfigurationIsVisible = 0;
			defaultConfigurationName = Release;
		};
		871EC78E268BB992001DD157 /* Build configuration list for PBXNativeTarget "Do-er" */ = {
			isa = XCConfigurationList;
			buildConfigurations = (
				871EC78F268BB992001DD157 /* Debug */,
				871EC790268BB992001DD157 /* Release */,
			);
			defaultConfigurationIsVisible = 0;
			defaultConfigurationName = Release;
		};
/* End XCConfigurationList section */

/* Begin XCVersionGroup section */
		871EC783268BB98B001DD157 /* Do_er.xcdatamodeld */ = {
			isa = XCVersionGroup;
			children = (
				871EC784268BB98B001DD157 /* Do_er.xcdatamodel */,
			);
			currentVersion = 871EC784268BB98B001DD157 /* Do_er.xcdatamodel */;
			path = Do_er.xcdatamodeld;
			sourceTree = "<group>";
			versionGroupType = wrapper.xcdatamodel;
		};
/* End XCVersionGroup section */
	};
	rootObject = 871EC76F268BB98B001DD157 /* Project object */;
}
